// !$*UTF8*$!
{
	archiveVersion = 1;
	classes = {
	};
	objectVersion = 77;
	objects = {

/* Begin PBXBuildFile section */
		270AF8412E018EAD00503AB3 /* setup-githooks.sh in Resources */ = {isa = PBXBuildFile; fileRef = 270AF8402E018EA700503AB3 /* setup-githooks.sh */; };
/* End PBXBuildFile section */

/* Begin PBXContainerItemProxy section */
		270AF7E62E01626700503AB3 /* PBXContainerItemProxy */ = {
			isa = PBXContainerItemProxy;
			containerPortal = 270AF7CE2E01626600503AB3 /* Project object */;
			proxyType = 1;
			remoteGlobalIDString = 270AF7D52E01626600503AB3;
			remoteInfo = SpaceNote;
		};
		270AF7F02E01626700503AB3 /* PBXContainerItemProxy */ = {
			isa = PBXContainerItemProxy;
			containerPortal = 270AF7CE2E01626600503AB3 /* Project object */;
			proxyType = 1;
			remoteGlobalIDString = 270AF7D52E01626600503AB3;
			remoteInfo = SpaceNote;
		};
/* End PBXContainerItemProxy section */

/* Begin PBXFileReference section */
		270AF7D62E01626600503AB3 /* SpaceNote.app */ = {isa = PBXFileReference; explicitFileType = wrapper.application; includeInIndex = 0; path = SpaceNote.app; sourceTree = BUILT_PRODUCTS_DIR; };
		270AF7E52E01626700503AB3 /* SpaceNoteTests.xctest */ = {isa = PBXFileReference; explicitFileType = wrapper.cfbundle; includeInIndex = 0; path = SpaceNoteTests.xctest; sourceTree = BUILT_PRODUCTS_DIR; };
		270AF7EF2E01626700503AB3 /* SpaceNoteUITests.xctest */ = {isa = PBXFileReference; explicitFileType = wrapper.cfbundle; includeInIndex = 0; path = SpaceNoteUITests.xctest; sourceTree = BUILT_PRODUCTS_DIR; };
		270AF8402E018EA700503AB3 /* setup-githooks.sh */ = {isa = PBXFileReference; lastKnownFileType = text.script.sh; path = "setup-githooks.sh"; sourceTree = "<group>"; };
/* End PBXFileReference section */

/* Begin PBXFileSystemSynchronizedBuildFileExceptionSet section */
		270AF8A12E01D89E00503AB3 /* Exceptions for "SpaceNote" folder in "SpaceNote" target */ = {
			isa = PBXFileSystemSynchronizedBuildFileExceptionSet;
			membershipExceptions = (
				Components/.gitkeep,
				Extensions/.gitkeep,
				Models/.gitkeep,
				Resources/.gitkeep,
				ViewModels/.gitkeep,
			);
			target = 270AF7D52E01626600503AB3 /* SpaceNote */;
		};
/* End PBXFileSystemSynchronizedBuildFileExceptionSet section */

/* Begin PBXFileSystemSynchronizedRootGroup section */
		270AF7D82E01626600503AB3 /* SpaceNote */ = {
			isa = PBXFileSystemSynchronizedRootGroup;
			exceptions = (
				270AF8A12E01D89E00503AB3 /* Exceptions for "SpaceNote" folder in "SpaceNote" target */,
			);
			path = SpaceNote;
			sourceTree = "<group>";
		};
		270AF7E82E01626700503AB3 /* SpaceNoteTests */ = {
			isa = PBXFileSystemSynchronizedRootGroup;
			path = SpaceNoteTests;
			sourceTree = "<group>";
		};
		270AF7F22E01626700503AB3 /* SpaceNoteUITests */ = {
			isa = PBXFileSystemSynchronizedRootGroup;
			path = SpaceNoteUITests;
			sourceTree = "<group>";
		};
		270AF8382E018B1000503AB3 /* docs */ = {
			isa = PBXFileSystemSynchronizedRootGroup;
			path = docs;
			sourceTree = "<group>";
		};
		270AF8392E018B2700503AB3 /* scripts */ = {
			isa = PBXFileSystemSynchronizedRootGroup;
			path = scripts;
			sourceTree = "<group>";
		};
		270AF8462E01BE1200503AB3 /* .github */ = {
			isa = PBXFileSystemSynchronizedRootGroup;
			path = .github;
			sourceTree = "<group>";
		};
/* End PBXFileSystemSynchronizedRootGroup section */

/* Begin PBXFrameworksBuildPhase section */
		270AF7D32E01626600503AB3 /* Frameworks */ = {
			isa = PBXFrameworksBuildPhase;
			buildActionMask = 2147483647;
			files = (
			);
			runOnlyForDeploymentPostprocessing = 0;
		};
		270AF7E22E01626700503AB3 /* Frameworks */ = {
			isa = PBXFrameworksBuildPhase;
			buildActionMask = 2147483647;
			files = (
			);
			runOnlyForDeploymentPostprocessing = 0;
		};
		270AF7EC2E01626700503AB3 /* Frameworks */ = {
			isa = PBXFrameworksBuildPhase;
			buildActionMask = 2147483647;
			files = (
			);
			runOnlyForDeploymentPostprocessing = 0;
		};
/* End PBXFrameworksBuildPhase section */

/* Begin PBXGroup section */
		270AF7CD2E01626600503AB3 = {
			isa = PBXGroup;
			children = (
				270AF8462E01BE1200503AB3 /* .github */,
				270AF8392E018B2700503AB3 /* scripts */,
				270AF8382E018B1000503AB3 /* docs */,
				270AF7D82E01626600503AB3 /* SpaceNote */,
				270AF7E82E01626700503AB3 /* SpaceNoteTests */,
				270AF7F22E01626700503AB3 /* SpaceNoteUITests */,
				270AF7D72E01626600503AB3 /* Products */,
				270AF8402E018EA700503AB3 /* setup-githooks.sh */,
			);
			sourceTree = "<group>";
		};
		270AF7D72E01626600503AB3 /* Products */ = {
			isa = PBXGroup;
			children = (
				270AF7D62E01626600503AB3 /* SpaceNote.app */,
				270AF7E52E01626700503AB3 /* SpaceNoteTests.xctest */,
				270AF7EF2E01626700503AB3 /* SpaceNoteUITests.xctest */,
			);
			name = Products;
			sourceTree = "<group>";
		};
/* End PBXGroup section */

/* Begin PBXNativeTarget section */
		270AF7D52E01626600503AB3 /* SpaceNote */ = {
			isa = PBXNativeTarget;
			buildConfigurationList = 270AF7F92E01626700503AB3 /* Build configuration list for PBXNativeTarget "SpaceNote" */;
			buildPhases = (
				270AF7D22E01626600503AB3 /* Sources */,
				270AF7D32E01626600503AB3 /* Frameworks */,
				270AF7D42E01626600503AB3 /* Resources */,
			);
			buildRules = (
			);
			dependencies = (
			);
			fileSystemSynchronizedGroups = (
				270AF7D82E01626600503AB3 /* SpaceNote */,
				270AF8382E018B1000503AB3 /* docs */,
				270AF8392E018B2700503AB3 /* scripts */,
				270AF8462E01BE1200503AB3 /* .github */,
			);
			name = SpaceNote;
			packageProductDependencies = (
			);
			productName = SpaceNote;
			productReference = 270AF7D62E01626600503AB3 /* SpaceNote.app */;
			productType = "com.apple.product-type.application";
		};
		270AF7E42E01626700503AB3 /* SpaceNoteTests */ = {
			isa = PBXNativeTarget;
			buildConfigurationList = 270AF7FC2E01626700503AB3 /* Build configuration list for PBXNativeTarget "SpaceNoteTests" */;
			buildPhases = (
				270AF7E12E01626700503AB3 /* Sources */,
				270AF7E22E01626700503AB3 /* Frameworks */,
				270AF7E32E01626700503AB3 /* Resources */,
			);
			buildRules = (
			);
			dependencies = (
				270AF7E72E01626700503AB3 /* PBXTargetDependency */,
			);
			fileSystemSynchronizedGroups = (
				270AF7E82E01626700503AB3 /* SpaceNoteTests */,
			);
			name = SpaceNoteTests;
			packageProductDependencies = (
			);
			productName = SpaceNoteTests;
			productReference = 270AF7E52E01626700503AB3 /* SpaceNoteTests.xctest */;
			productType = "com.apple.product-type.bundle.unit-test";
		};
		270AF7EE2E01626700503AB3 /* SpaceNoteUITests */ = {
			isa = PBXNativeTarget;
			buildConfigurationList = 270AF7FF2E01626700503AB3 /* Build configuration list for PBXNativeTarget "SpaceNoteUITests" */;
			buildPhases = (
				270AF7EB2E01626700503AB3 /* Sources */,
				270AF7EC2E01626700503AB3 /* Frameworks */,
				270AF7ED2E01626700503AB3 /* Resources */,
			);
			buildRules = (
			);
			dependencies = (
				270AF7F12E01626700503AB3 /* PBXTargetDependency */,
			);
			fileSystemSynchronizedGroups = (
				270AF7F22E01626700503AB3 /* SpaceNoteUITests */,
			);
			name = SpaceNoteUITests;
			packageProductDependencies = (
			);
			productName = SpaceNoteUITests;
			productReference = 270AF7EF2E01626700503AB3 /* SpaceNoteUITests.xctest */;
			productType = "com.apple.product-type.bundle.ui-testing";
		};
/* End PBXNativeTarget section */

/* Begin PBXProject section */
		270AF7CE2E01626600503AB3 /* Project object */ = {
			isa = PBXProject;
			attributes = {
				BuildIndependentTargetsInParallel = 1;
				LastSwiftUpdateCheck = 1640;
				LastUpgradeCheck = 1640;
				TargetAttributes = {
					270AF7D52E01626600503AB3 = {
						CreatedOnToolsVersion = 16.4;
					};
					270AF7E42E01626700503AB3 = {
						CreatedOnToolsVersion = 16.4;
						TestTargetID = 270AF7D52E01626600503AB3;
					};
					270AF7EE2E01626700503AB3 = {
						CreatedOnToolsVersion = 16.4;
						TestTargetID = 270AF7D52E01626600503AB3;
					};
				};
			};
			buildConfigurationList = 270AF7D12E01626600503AB3 /* Build configuration list for PBXProject "SpaceNote" */;
			developmentRegion = en;
			hasScannedForEncodings = 0;
			knownRegions = (
				en,
				Base,
			);
			mainGroup = 270AF7CD2E01626600503AB3;
			minimizedProjectReferenceProxies = 1;
			preferredProjectObjectVersion = 77;
			productRefGroup = 270AF7D72E01626600503AB3 /* Products */;
			projectDirPath = "";
			projectRoot = "";
			targets = (
				270AF7D52E01626600503AB3 /* SpaceNote */,
				270AF7E42E01626700503AB3 /* SpaceNoteTests */,
				270AF7EE2E01626700503AB3 /* SpaceNoteUITests */,
			);
		};
/* End PBXProject section */

/* Begin PBXResourcesBuildPhase section */
		270AF7D42E01626600503AB3 /* Resources */ = {
			isa = PBXResourcesBuildPhase;
			buildActionMask = 2147483647;
			files = (
				270AF8412E018EAD00503AB3 /* setup-githooks.sh in Resources */,
			);
			runOnlyForDeploymentPostprocessing = 0;
		};
		270AF7E32E01626700503AB3 /* Resources */ = {
			isa = PBXResourcesBuildPhase;
			buildActionMask = 2147483647;
			files = (
			);
			runOnlyForDeploymentPostprocessing = 0;
		};
		270AF7ED2E01626700503AB3 /* Resources */ = {
			isa = PBXResourcesBuildPhase;
			buildActionMask = 2147483647;
			files = (
			);
			runOnlyForDeploymentPostprocessing = 0;
		};
/* End PBXResourcesBuildPhase section */

/* Begin PBXSourcesBuildPhase section */
		270AF7D22E01626600503AB3 /* Sources */ = {
			isa = PBXSourcesBuildPhase;
			buildActionMask = 2147483647;
			files = (
			);
			runOnlyForDeploymentPostprocessing = 0;
		};
		270AF7E12E01626700503AB3 /* Sources */ = {
			isa = PBXSourcesBuildPhase;
			buildActionMask = 2147483647;
			files = (
			);
			runOnlyForDeploymentPostprocessing = 0;
		};
		270AF7EB2E01626700503AB3 /* Sources */ = {
			isa = PBXSourcesBuildPhase;
			buildActionMask = 2147483647;
			files = (
			);
			runOnlyForDeploymentPostprocessing = 0;
		};
/* End PBXSourcesBuildPhase section */

/* Begin PBXTargetDependency section */
		270AF7E72E01626700503AB3 /* PBXTargetDependency */ = {
			isa = PBXTargetDependency;
			target = 270AF7D52E01626600503AB3 /* SpaceNote */;
			targetProxy = 270AF7E62E01626700503AB3 /* PBXContainerItemProxy */;
		};
		270AF7F12E01626700503AB3 /* PBXTargetDependency */ = {
			isa = PBXTargetDependency;
			target = 270AF7D52E01626600503AB3 /* SpaceNote */;
			targetProxy = 270AF7F02E01626700503AB3 /* PBXContainerItemProxy */;
		};
/* End PBXTargetDependency section */

/* Begin XCBuildConfiguration section */
		270AF7F72E01626700503AB3 /* Debug */ = {
			isa = XCBuildConfiguration;
			buildSettings = {
				ALWAYS_SEARCH_USER_PATHS = NO;
				ASSETCATALOG_COMPILER_GENERATE_SWIFT_ASSET_SYMBOL_EXTENSIONS = YES;
				CLANG_ANALYZER_NONNULL = YES;
				CLANG_ANALYZER_NUMBER_OBJECT_CONVERSION = YES_AGGRESSIVE;
				CLANG_CXX_LANGUAGE_STANDARD = "gnu++20";
				CLANG_ENABLE_MODULES = YES;
				CLANG_ENABLE_OBJC_ARC = YES;
				CLANG_ENABLE_OBJC_WEAK = YES;
				CLANG_WARN_BLOCK_CAPTURE_AUTORELEASING = YES;
				CLANG_WARN_BOOL_CONVERSION = YES;
				CLANG_WARN_COMMA = YES;
				CLANG_WARN_CONSTANT_CONVERSION = YES;
				CLANG_WARN_DEPRECATED_OBJC_IMPLEMENTATIONS = YES;
				CLANG_WARN_DIRECT_OBJC_ISA_USAGE = YES_ERROR;
				CLANG_WARN_DOCUMENTATION_COMMENTS = YES;
				CLANG_WARN_EMPTY_BODY = YES;
				CLANG_WARN_ENUM_CONVERSION = YES;
				CLANG_WARN_INFINITE_RECURSION = YES;
				CLANG_WARN_INT_CONVERSION = YES;
				CLANG_WARN_NON_LITERAL_NULL_CONVERSION = YES;
				CLANG_WARN_OBJC_IMPLICIT_RETAIN_SELF = YES;
				CLANG_WARN_OBJC_LITERAL_CONVERSION = YES;
				CLANG_WARN_OBJC_ROOT_CLASS = YES_ERROR;
				CLANG_WARN_QUOTED_INCLUDE_IN_FRAMEWORK_HEADER = YES;
				CLANG_WARN_RANGE_LOOP_ANALYSIS = YES;
				CLANG_WARN_STRICT_PROTOTYPES = YES;
				CLANG_WARN_SUSPICIOUS_MOVE = YES;
				CLANG_WARN_UNGUARDED_AVAILABILITY = YES_AGGRESSIVE;
				CLANG_WARN_UNREACHABLE_CODE = YES;
				CLANG_WARN__DUPLICATE_METHOD_MATCH = YES;
				COPY_PHASE_STRIP = NO;
				DEBUG_INFORMATION_FORMAT = dwarf;
				DEVELOPMENT_TEAM = H2WD8C55D7;
				ENABLE_STRICT_OBJC_MSGSEND = YES;
				ENABLE_TESTABILITY = YES;
				ENABLE_USER_SCRIPT_SANDBOXING = YES;
				GCC_C_LANGUAGE_STANDARD = gnu17;
				GCC_DYNAMIC_NO_PIC = NO;
				GCC_NO_COMMON_BLOCKS = YES;
				GCC_OPTIMIZATION_LEVEL = 0;
				GCC_PREPROCESSOR_DEFINITIONS = (
					"DEBUG=1",
					"$(inherited)",
				);
				GCC_WARN_64_TO_32_BIT_CONVERSION = YES;
				GCC_WARN_ABOUT_RETURN_TYPE = YES_ERROR;
				GCC_WARN_UNDECLARED_SELECTOR = YES;
				GCC_WARN_UNINITIALIZED_AUTOS = YES_AGGRESSIVE;
				GCC_WARN_UNUSED_FUNCTION = YES;
				GCC_WARN_UNUSED_VARIABLE = YES;
				IPHONEOS_DEPLOYMENT_TARGET = 18.5;
				LOCALIZATION_PREFERS_STRING_CATALOGS = YES;
				MTL_ENABLE_DEBUG_INFO = INCLUDE_SOURCE;
				MTL_FAST_MATH = YES;
				ONLY_ACTIVE_ARCH = YES;
				SDKROOT = iphoneos;
				SWIFT_ACTIVE_COMPILATION_CONDITIONS = "DEBUG $(inherited)";
				SWIFT_OPTIMIZATION_LEVEL = "-Onone";
			};
			name = Debug;
		};
		270AF7F82E01626700503AB3 /* Release */ = {
			isa = XCBuildConfiguration;
			buildSettings = {
				ALWAYS_SEARCH_USER_PATHS = NO;
				ASSETCATALOG_COMPILER_GENERATE_SWIFT_ASSET_SYMBOL_EXTENSIONS = YES;
				CLANG_ANALYZER_NONNULL = YES;
				CLANG_ANALYZER_NUMBER_OBJECT_CONVERSION = YES_AGGRESSIVE;
				CLANG_CXX_LANGUAGE_STANDARD = "gnu++20";
				CLANG_ENABLE_MODULES = YES;
				CLANG_ENABLE_OBJC_ARC = YES;
				CLANG_ENABLE_OBJC_WEAK = YES;
				CLANG_WARN_BLOCK_CAPTURE_AUTORELEASING = YES;
				CLANG_WARN_BOOL_CONVERSION = YES;
				CLANG_WARN_COMMA = YES;
				CLANG_WARN_CONSTANT_CONVERSION = YES;
				CLANG_WARN_DEPRECATED_OBJC_IMPLEMENTATIONS = YES;
				CLANG_WARN_DIRECT_OBJC_ISA_USAGE = YES_ERROR;
				CLANG_WARN_DOCUMENTATION_COMMENTS = YES;
				CLANG_WARN_EMPTY_BODY = YES;
				CLANG_WARN_ENUM_CONVERSION = YES;
				CLANG_WARN_INFINITE_RECURSION = YES;
				CLANG_WARN_INT_CONVERSION = YES;
				CLANG_WARN_NON_LITERAL_NULL_CONVERSION = YES;
				CLANG_WARN_OBJC_IMPLICIT_RETAIN_SELF = YES;
				CLANG_WARN_OBJC_LITERAL_CONVERSION = YES;
				CLANG_WARN_OBJC_ROOT_CLASS = YES_ERROR;
				CLANG_WARN_QUOTED_INCLUDE_IN_FRAMEWORK_HEADER = YES;
				CLANG_WARN_RANGE_LOOP_ANALYSIS = YES;
				CLANG_WARN_STRICT_PROTOTYPES = YES;
				CLANG_WARN_SUSPICIOUS_MOVE = YES;
				CLANG_WARN_UNGUARDED_AVAILABILITY = YES_AGGRESSIVE;
				CLANG_WARN_UNREACHABLE_CODE = YES;
				CLANG_WARN__DUPLICATE_METHOD_MATCH = YES;
				COPY_PHASE_STRIP = NO;
				DEBUG_INFORMATION_FORMAT = "dwarf-with-dsym";
				DEVELOPMENT_TEAM = H2WD8C55D7;
				ENABLE_NS_ASSERTIONS = NO;
				ENABLE_STRICT_OBJC_MSGSEND = YES;
				ENABLE_USER_SCRIPT_SANDBOXING = YES;
				GCC_C_LANGUAGE_STANDARD = gnu17;
				GCC_NO_COMMON_BLOCKS = YES;
				GCC_WARN_64_TO_32_BIT_CONVERSION = YES;
				GCC_WARN_ABOUT_RETURN_TYPE = YES_ERROR;
				GCC_WARN_UNDECLARED_SELECTOR = YES;
				GCC_WARN_UNINITIALIZED_AUTOS = YES_AGGRESSIVE;
				GCC_WARN_UNUSED_FUNCTION = YES;
				GCC_WARN_UNUSED_VARIABLE = YES;
				IPHONEOS_DEPLOYMENT_TARGET = 18.5;
				LOCALIZATION_PREFERS_STRING_CATALOGS = YES;
				MTL_ENABLE_DEBUG_INFO = NO;
				MTL_FAST_MATH = YES;
				SDKROOT = iphoneos;
				SWIFT_COMPILATION_MODE = wholemodule;
				VALIDATE_PRODUCT = YES;
			};
			name = Release;
		};
		270AF7FA2E01626700503AB3 /* Debug */ = {
			isa = XCBuildConfiguration;
			buildSettings = {
				ASSETCATALOG_COMPILER_APPICON_NAME = AppIcon;
				ASSETCATALOG_COMPILER_GLOBAL_ACCENT_COLOR_NAME = AccentColor;
				CODE_SIGN_STYLE = Automatic;
				CURRENT_PROJECT_VERSION = 1;
				DEVELOPMENT_TEAM = H2WD8C55D7;
				ENABLE_PREVIEWS = YES;
				GENERATE_INFOPLIST_FILE = YES;
				INFOPLIST_KEY_UIApplicationSceneManifest_Generation = YES;
				INFOPLIST_KEY_UIApplicationSupportsIndirectInputEvents = YES;
				INFOPLIST_KEY_UILaunchScreen_Generation = YES;
				INFOPLIST_KEY_UISupportedInterfaceOrientations_iPad = "UIInterfaceOrientationPortrait UIInterfaceOrientationPortraitUpsideDown UIInterfaceOrientationLandscapeLeft UIInterfaceOrientationLandscapeRight";
				INFOPLIST_KEY_UISupportedInterfaceOrientations_iPhone = "UIInterfaceOrientationPortrait UIInterfaceOrientationLandscapeLeft UIInterfaceOrientationLandscapeRight";
				LD_RUNPATH_SEARCH_PATHS = (
					"$(inherited)",
					"@executable_path/Frameworks",
				);
				MARKETING_VERSION = 1.0;
				PRODUCT_BUNDLE_IDENTIFIER = hidy.SpaceNote;
				PRODUCT_NAME = "$(TARGET_NAME)";
				SWIFT_EMIT_LOC_STRINGS = YES;
				SWIFT_VERSION = 5.0;
				TARGETED_DEVICE_FAMILY = "1,2";
			};
			name = Debug;
		};
		270AF7FB2E01626700503AB3 /* Release */ = {
			isa = XCBuildConfiguration;
			buildSettings = {
				ASSETCATALOG_COMPILER_APPICON_NAME = AppIcon;
				ASSETCATALOG_COMPILER_GLOBAL_ACCENT_COLOR_NAME = AccentColor;
				CODE_SIGN_STYLE = Automatic;
				CURRENT_PROJECT_VERSION = 1;
				DEVELOPMENT_TEAM = H2WD8C55D7;
				ENABLE_PREVIEWS = YES;
				GENERATE_INFOPLIST_FILE = YES;
				INFOPLIST_KEY_UIApplicationSceneManifest_Generation = YES;
				INFOPLIST_KEY_UIApplicationSupportsIndirectInputEvents = YES;
				INFOPLIST_KEY_UILaunchScreen_Generation = YES;
				INFOPLIST_KEY_UISupportedInterfaceOrientations_iPad = "UIInterfaceOrientationPortrait UIInterfaceOrientationPortraitUpsideDown UIInterfaceOrientationLandscapeLeft UIInterfaceOrientationLandscapeRight";
				INFOPLIST_KEY_UISupportedInterfaceOrientations_iPhone = "UIInterfaceOrientationPortrait UIInterfaceOrientationLandscapeLeft UIInterfaceOrientationLandscapeRight";
				LD_RUNPATH_SEARCH_PATHS = (
					"$(inherited)",
					"@executable_path/Frameworks",
				);
				MARKETING_VERSION = 1.0;
				PRODUCT_BUNDLE_IDENTIFIER = hidy.SpaceNote;
				PRODUCT_NAME = "$(TARGET_NAME)";
				SWIFT_EMIT_LOC_STRINGS = YES;
				SWIFT_VERSION = 5.0;
				TARGETED_DEVICE_FAMILY = "1,2";
			};
			name = Release;
		};
		270AF7FD2E01626700503AB3 /* Debug */ = {
			isa = XCBuildConfiguration;
			buildSettings = {
				BUNDLE_LOADER = "$(TEST_HOST)";
				CODE_SIGN_STYLE = Automatic;
				CURRENT_PROJECT_VERSION = 1;
				DEVELOPMENT_TEAM = H2WD8C55D7;
				GENERATE_INFOPLIST_FILE = YES;
				IPHONEOS_DEPLOYMENT_TARGET = 18.5;
				MARKETING_VERSION = 1.0;
				PRODUCT_BUNDLE_IDENTIFIER = hidy.SpaceNoteTests;
				PRODUCT_NAME = "$(TARGET_NAME)";
				SWIFT_EMIT_LOC_STRINGS = NO;
				SWIFT_VERSION = 5.0;
				TARGETED_DEVICE_FAMILY = "1,2";
				TEST_HOST = "$(BUILT_PRODUCTS_DIR)/SpaceNote.app/$(BUNDLE_EXECUTABLE_FOLDER_PATH)/SpaceNote";
			};
			name = Debug;
		};
		270AF7FE2E01626700503AB3 /* Release */ = {
			isa = XCBuildConfiguration;
			buildSettings = {
				BUNDLE_LOADER = "$(TEST_HOST)";
				CODE_SIGN_STYLE = Automatic;
				CURRENT_PROJECT_VERSION = 1;
				DEVELOPMENT_TEAM = H2WD8C55D7;
				GENERATE_INFOPLIST_FILE = YES;
				IPHONEOS_DEPLOYMENT_TARGET = 18.5;
				MARKETING_VERSION = 1.0;
				PRODUCT_BUNDLE_IDENTIFIER = hidy.SpaceNoteTests;
				PRODUCT_NAME = "$(TARGET_NAME)";
				SWIFT_EMIT_LOC_STRINGS = NO;
				SWIFT_VERSION = 5.0;
				TARGETED_DEVICE_FAMILY = "1,2";
				TEST_HOST = "$(BUILT_PRODUCTS_DIR)/SpaceNote.app/$(BUNDLE_EXECUTABLE_FOLDER_PATH)/SpaceNote";
			};
			name = Release;
		};
		270AF8002E01626700503AB3 /* Debug */ = {
			isa = XCBuildConfiguration;
			buildSettings = {
				CODE_SIGN_STYLE = Automatic;
				CURRENT_PROJECT_VERSION = 1;
				DEVELOPMENT_TEAM = H2WD8C55D7;
				GENERATE_INFOPLIST_FILE = YES;
				MARKETING_VERSION = 1.0;
				PRODUCT_BUNDLE_IDENTIFIER = hidy.SpaceNoteUITests;
				PRODUCT_NAME = "$(TARGET_NAME)";
				SWIFT_EMIT_LOC_STRINGS = NO;
				SWIFT_VERSION = 5.0;
				TARGETED_DEVICE_FAMILY = "1,2";
				TEST_TARGET_NAME = SpaceNote;
			};
			name = Debug;
		};
		270AF8012E01626700503AB3 /* Release */ = {
			isa = XCBuildConfiguration;
			buildSettings = {
				CODE_SIGN_STYLE = Automatic;
				CURRENT_PROJECT_VERSION = 1;
				DEVELOPMENT_TEAM = H2WD8C55D7;
				GENERATE_INFOPLIST_FILE = YES;
				MARKETING_VERSION = 1.0;
				PRODUCT_BUNDLE_IDENTIFIER = hidy.SpaceNoteUITests;
				PRODUCT_NAME = "$(TARGET_NAME)";
				SWIFT_EMIT_LOC_STRINGS = NO;
				SWIFT_VERSION = 5.0;
				TARGETED_DEVICE_FAMILY = "1,2";
				TEST_TARGET_NAME = SpaceNote;
			};
			name = Release;
		};
/* End XCBuildConfiguration section */

/* Begin XCConfigurationList section */
		270AF7D12E01626600503AB3 /* Build configuration list for PBXProject "SpaceNote" */ = {
			isa = XCConfigurationList;
			buildConfigurations = (
				270AF7F72E01626700503AB3 /* Debug */,
				270AF7F82E01626700503AB3 /* Release */,
			);
			defaultConfigurationIsVisible = 0;
			defaultConfigurationName = Release;
		};
		270AF7F92E01626700503AB3 /* Build configuration list for PBXNativeTarget "SpaceNote" */ = {
			isa = XCConfigurationList;
			buildConfigurations = (
				270AF7FA2E01626700503AB3 /* Debug */,
				270AF7FB2E01626700503AB3 /* Release */,
			);
			defaultConfigurationIsVisible = 0;
			defaultConfigurationName = Release;
		};
		270AF7FC2E01626700503AB3 /* Build configuration list for PBXNativeTarget "SpaceNoteTests" */ = {
			isa = XCConfigurationList;
			buildConfigurations = (
				270AF7FD2E01626700503AB3 /* Debug */,
				270AF7FE2E01626700503AB3 /* Release */,
			);
			defaultConfigurationIsVisible = 0;
			defaultConfigurationName = Release;
		};
		270AF7FF2E01626700503AB3 /* Build configuration list for PBXNativeTarget "SpaceNoteUITests" */ = {
			isa = XCConfigurationList;
			buildConfigurations = (
				270AF8002E01626700503AB3 /* Debug */,
				270AF8012E01626700503AB3 /* Release */,
			);
			defaultConfigurationIsVisible = 0;
			defaultConfigurationName = Release;
		};
/* End XCConfigurationList section */
	};
	rootObject = 270AF7CE2E01626600503AB3 /* Project object */;
}
